
Microsoft Visual Studio Solution File, Format Version 12.00
# Visual Studio Version 17
VisualStudioVersion = 17.1.32210.238
MinimumVisualStudioVersion = 10.0.40219.1
Project("{9A19103F-16F7-4668-BE54-9A1E7A4F7556}") = "Bethany", "Bethany\Bethany.csproj", "{34C9A87C-3F7B-4333-A639-05D2E914572F}"
EndProject
Global
	GlobalSection(SolutionConfigurationPlatforms) = preSolution
		Debug|Any CPU = Debug|Any CPU
		Release|Any CPU = Release|Any CPU
	EndGlobalSection
	GlobalSection(ProjectConfigurationPlatforms) = postSolution
		{34C9A87C-3F7B-4333-A639-05D2E914572F}.Debug|Any CPU.ActiveCfg = Debug|Any CPU
		{34C9A87C-3F7B-4333-A639-05D2E914572F}.Debug|Any CPU.Build.0 = Debug|Any CPU
		{34C9A87C-3F7B-4333-A639-05D2E914572F}.Release|Any CPU.ActiveCfg = Release|Any CPU
		{34C9A87C-3F7B-4333-A639-05D2E914572F}.Release|Any CPU.Build.0 = Release|Any CPU
	EndGlobalSection
	GlobalSection(SolutionProperties) = preSolution
		HideSolutionNode = FALSE
	EndGlobalSection
	GlobalSection(ExtensibilityGlobals) = postSolution
		SolutionGuid = {59A89568-9C41-4887-935D-F706420C0DBC}
	EndGlobalSection
EndGlobal
